{
    "name": "symphony-native-window-handle",
    "version": "1.0.0",
    "lockfileVersion": 2,
    "requires": true,
    "packages": {
        "": {
            "name": "symphony-native-window-handle",
            "version": "1.0.0",
            "hasInstallScript": true,
            "license": "ISC",
            "os": [
                "win32"
            ],
            "dependencies": {
                "run-script-os": "1.0.7"
            }
        },
        "node_modules/run-script-os": {
            "version": "1.0.7",
            "resolved": "https://registry.npmjs.org/run-script-os/-/run-script-os-1.0.7.tgz",
            "integrity": "sha512-H4NAhP9PiseQQm3Vpen7CHksfKGqC4dmwoVu/9th97r3XyBrMtkg4jIUiy/8dgzuI9MGwmK/7vf13Wncx+Y4bw==",
            "bin": {
                "run-os": "index.js",
                "run-script-os": "index.js"
            }
        }
    },
    "dependencies": {
        "run-script-os": {
            "version": "1.0.7",
            "resolved": "https://registry.npmjs.org/run-script-os/-/run-script-os-1.0.7.tgz",
            "integrity": "sha512-H4NAhP9PiseQQm3Vpen7CHksfKGqC4dmwoVu/9th97r3XyBrMtkg4jIUiy/8dgzuI9MGwmK/7vf13Wncx+Y4bw=="
        }
    }
}
